
Microsoft Visual Studio Solution File, Format Version 12.00
# Visual Studio Version 17
VisualStudioVersion = 17.13.35931.197
MinimumVisualStudioVersion = 10.0.40219.1
Project("{FAE04EC0-301F-11D3-BF4B-00C04F79EFBC}") = "KnowledgeProject_BackendServer", "src\KnowledgeProject.BackendServer\KnowledgeProject_BackendServer.csproj", "{72899293-5427-495E-9493-E125034E1D36}"
EndProject
Project("{FAE04EC0-301F-11D3-BF4B-00C04F79EFBC}") = "KnowledgeSpace_ViewModels", "src\KnowledgeSpace.ViewModels\KnowledgeSpace_ViewModels.csproj", "{2CCCD32C-5253-49E4-8676-E816DDB3EEC4}"
EndProject
Project("{FAE04EC0-301F-11D3-BF4B-00C04F79EFBC}") = "KnowledgeSpace_WebPotal", "src\KnowledgeSpace.WebPotal\KnowledgeSpace_WebPotal.csproj", "{BCA5C4DA-4C6F-DA1E-1A04-D8C732795DF2}"
EndProject
Global
	GlobalSection(SolutionConfigurationPlatforms) = preSolution
		Debug|Any CPU = Debug|Any CPU
		Release|Any CPU = Release|Any CPU
	EndGlobalSection
	GlobalSection(ProjectConfigurationPlatforms) = postSolution
		{72899293-5427-495E-9493-E125034E1D36}.Debug|Any CPU.ActiveCfg = Debug|Any CPU
		{72899293-5427-495E-9493-E125034E1D36}.Debug|Any CPU.Build.0 = Debug|Any CPU
		{72899293-5427-495E-9493-E125034E1D36}.Release|Any CPU.ActiveCfg = Release|Any CPU
		{72899293-5427-495E-9493-E125034E1D36}.Release|Any CPU.Build.0 = Release|Any CPU
		{2CCCD32C-5253-49E4-8676-E816DDB3EEC4}.Debug|Any CPU.ActiveCfg = Debug|Any CPU
		{2CCCD32C-5253-49E4-8676-E816DDB3EEC4}.Debug|Any CPU.Build.0 = Debug|Any CPU
		{2CCCD32C-5253-49E4-8676-E816DDB3EEC4}.Release|Any CPU.ActiveCfg = Release|Any CPU
		{2CCCD32C-5253-49E4-8676-E816DDB3EEC4}.Release|Any CPU.Build.0 = Release|Any CPU
		{BCA5C4DA-4C6F-DA1E-1A04-D8C732795DF2}.Debug|Any CPU.ActiveCfg = Debug|Any CPU
		{BCA5C4DA-4C6F-DA1E-1A04-D8C732795DF2}.Debug|Any CPU.Build.0 = Debug|Any CPU
		{BCA5C4DA-4C6F-DA1E-1A04-D8C732795DF2}.Release|Any CPU.ActiveCfg = Release|Any CPU
		{BCA5C4DA-4C6F-DA1E-1A04-D8C732795DF2}.Release|Any CPU.Build.0 = Release|Any CPU
	EndGlobalSection
	GlobalSection(SolutionProperties) = preSolution
		HideSolutionNode = FALSE
	EndGlobalSection
	GlobalSection(ExtensibilityGlobals) = postSolution
		SolutionGuid = {08631E36-41C1-4390-A838-DA5DB34B2161}
	EndGlobalSection
EndGlobal
